# This file is generated by running "yarn install" inside your project.
# Manual changes might be lost - proceed with caution!

__metadata:
  version: 8
  cacheKey: 10c0

"@midnight-ntwrk/compact-runtime@npm:^0.8.1":
  version: 0.8.1
  resolution: "@midnight-ntwrk/compact-runtime@npm:0.8.1"
  dependencies:
    "@midnight-ntwrk/onchain-runtime": "npm:^0.3.0"
    "@types/object-inspect": "npm:^1.8.1"
    object-inspect: "npm:^1.12.3"
  checksum: 10c0/c41050b3ae15c2a080b685b317959032bec319a053ba6a9fcc84ff00a7c6d105f5b9dc51d529704c24a23c1907310b04bafb5dc1031c90bb8eee4d11f438d354
  languageName: node
  linkType: hard

"@midnight-ntwrk/onchain-runtime@npm:^0.3.0":
  version: 0.3.0
  resolution: "@midnight-ntwrk/onchain-runtime@npm:0.3.0"
  checksum: 10c0/287a9f1306cbe6191bdf7dc3b827afc4323c7ba0a7ee0029331bde906e80f6b4cd46126da996c4df3d0a7dad33fdba30c7debe530057c532e9858bea13547986
  languageName: node
  linkType: hard

"@midnight-ntwrk/zk-vcr-contract@workspace:.":
  version: 0.0.0-use.local
  resolution: "@midnight-ntwrk/zk-vcr-contract@workspace:."
  dependencies:
    "@midnight-ntwrk/compact-runtime": "npm:^0.8.1"
    typescript: "npm:^5.9.2"
  languageName: unknown
  linkType: soft

"@types/object-inspect@npm:^1.8.1":
  version: 1.13.0
  resolution: "@types/object-inspect@npm:1.13.0"
  checksum: 10c0/c2a465a52173b41398f39b52d964ccba8e850dab7721e162d7a32c382638bbebf96d2f581f32a0792c857c51b52d8925906d026bd52ff900454b22b7d946a50c
  languageName: node
  linkType: hard

"object-inspect@npm:^1.12.3":
  version: 1.13.4
  resolution: "object-inspect@npm:1.13.4"
  checksum: 10c0/d7f8711e803b96ea3191c745d6f8056ce1f2496e530e6a19a0e92d89b0fa3c76d910c31f0aa270432db6bd3b2f85500a376a83aaba849a8d518c8845b3211692
  languageName: node
  linkType: hard

"typescript@npm:^5.9.2":
  version: 5.9.2
  resolution: "typescript@npm:5.9.2"
  bin:
    tsc: bin/tsc
    tsserver: bin/tsserver
  checksum: 10c0/cd635d50f02d6cf98ed42de2f76289701c1ec587a363369255f01ed15aaf22be0813226bff3c53e99d971f9b540e0b3cc7583dbe05faded49b1b0bed2f638a18
  languageName: node
  linkType: hard

"typescript@patch:typescript@npm%3A^5.9.2#optional!builtin<compat/typescript>":
  version: 5.9.2
  resolution: "typescript@patch:typescript@npm%3A5.9.2#optional!builtin<compat/typescript>::version=5.9.2&hash=5786d5"
  bin:
    tsc: bin/tsc
    tsserver: bin/tsserver
  checksum: 10c0/34d2a8e23eb8e0d1875072064d5e1d9c102e0bdce56a10a25c0b917b8aa9001a9cf5c225df12497e99da107dc379360bc138163c66b55b95f5b105b50578067e
  languageName: node
  linkType: hard
